// !$*UTF8*$!
{
	archiveVersion = 1;
	classes = {
	};
	objectVersion = 56;
	objects = {

/* Begin PBXBuildFile section */
		555405F52C42740E000C6E9B /* Server_Driven_UIApp.swift in Sources */ = {isa = PBXBuildFile; fileRef = 555405F42C42740E000C6E9B /* Server_Driven_UIApp.swift */; };
		555405F72C42740E000C6E9B /* ContentView.swift in Sources */ = {isa = PBXBuildFile; fileRef = 555405F62C42740E000C6E9B /* ContentView.swift */; };
		555405F92C427410000C6E9B /* Assets.xcassets in Resources */ = {isa = PBXBuildFile; fileRef = 555405F82C427410000C6E9B /* Assets.xcassets */; };
		555405FC2C427410000C6E9B /* Preview Assets.xcassets in Resources */ = {isa = PBXBuildFile; fileRef = 555405FB2C427410000C6E9B /* Preview Assets.xcassets */; };
		555406042C427441000C6E9B /* Constants.swift in Sources */ = {isa = PBXBuildFile; fileRef = 555406032C427441000C6E9B /* Constants.swift */; };
		555406062C427479000C6E9B /* NAMESPACING.swift in Sources */ = {isa = PBXBuildFile; fileRef = 555406052C427479000C6E9B /* NAMESPACING.swift */; };
		5554060A2C4274FF000C6E9B /* Urls.swift in Sources */ = {isa = PBXBuildFile; fileRef = 555406092C4274FF000C6E9B /* Urls.swift */; };
		5554060D2C427584000C6E9B /* WebService.swift in Sources */ = {isa = PBXBuildFile; fileRef = 5554060C2C427584000C6E9B /* WebService.swift */; };
		5554060F2C4275E6000C6E9B /* NetworkError.swift in Sources */ = {isa = PBXBuildFile; fileRef = 5554060E2C4275E6000C6E9B /* NetworkError.swift */; };
		555406142C4278A0000C6E9B /* UIModels.ScreenModel.swift in Sources */ = {isa = PBXBuildFile; fileRef = 555406132C4278A0000C6E9B /* UIModels.ScreenModel.swift */; };
		555406172C4279CA000C6E9B /* ComponentsType.swift in Sources */ = {isa = PBXBuildFile; fileRef = 555406162C4279CA000C6E9B /* ComponentsType.swift */; };
		5554061A2C428193000C6E9B /* FeaturedImageComponent.swift in Sources */ = {isa = PBXBuildFile; fileRef = 555406192C428193000C6E9B /* FeaturedImageComponent.swift */; };
		5554061D2C4281B8000C6E9B /* UIComponent.swift in Sources */ = {isa = PBXBuildFile; fileRef = 5554061C2C4281B8000C6E9B /* UIComponent.swift */; };
		555406212C428267000C6E9B /* View+ToAnyView.swift in Sources */ = {isa = PBXBuildFile; fileRef = 555406202C428267000C6E9B /* View+ToAnyView.swift */; };
		555406242C42875A000C6E9B /* FeaturedImageComponent.Model.swift in Sources */ = {isa = PBXBuildFile; fileRef = 555406232C42875A000C6E9B /* FeaturedImageComponent.Model.swift */; };
		555406272C42881F000C6E9B /* Dictionary+Decode.swift in Sources */ = {isa = PBXBuildFile; fileRef = 555406262C42881F000C6E9B /* Dictionary+Decode.swift */; };
		555406292C428A12000C6E9B /* ComponentsError.swift in Sources */ = {isa = PBXBuildFile; fileRef = 555406282C428A12000C6E9B /* ComponentsError.swift */; };
		5554062B2C428AB3000C6E9B /* UIModels.ScreenModel.buildComponents.swift in Sources */ = {isa = PBXBuildFile; fileRef = 5554062A2C428AB3000C6E9B /* UIModels.ScreenModel.buildComponents.swift */; };
		555406322C428B9C000C6E9B /* MyApp.Modules.HomePage.swift in Sources */ = {isa = PBXBuildFile; fileRef = 555406312C428B9C000C6E9B /* MyApp.Modules.HomePage.swift */; };
		555406342C428BEA000C6E9B /* MyApp.Modules.HomePage.ViewModel.swift in Sources */ = {isa = PBXBuildFile; fileRef = 555406332C428BEA000C6E9B /* MyApp.Modules.HomePage.ViewModel.swift */; };
		559D8BA22C43B05F00A94B31 /* NetworkService.swift in Sources */ = {isa = PBXBuildFile; fileRef = 559D8BA12C43B05F00A94B31 /* NetworkService.swift */; };
		559D8BA52C43C20B00A94B31 /* JSON.swift in Sources */ = {isa = PBXBuildFile; fileRef = 559D8BA42C43C20B00A94B31 /* JSON.swift */; };
		559D8BAB2C43CDC200A94B31 /* Components.Carousel.Model.swift in Sources */ = {isa = PBXBuildFile; fileRef = 559D8BAA2C43CDC200A94B31 /* Components.Carousel.Model.swift */; };
		559D8BAE2C43CEAF00A94B31 /* CarouselView.swift in Sources */ = {isa = PBXBuildFile; fileRef = 559D8BAD2C43CEAF00A94B31 /* CarouselView.swift */; };
		559D8BB02C43D12700A94B31 /* Carousel.swift in Sources */ = {isa = PBXBuildFile; fileRef = 559D8BAF2C43D12700A94B31 /* Carousel.swift */; };
/* End PBXBuildFile section */

/* Begin PBXFileReference section */
		555405F12C42740E000C6E9B /* Server_Driven_UI.app */ = {isa = PBXFileReference; explicitFileType = wrapper.application; includeInIndex = 0; path = Server_Driven_UI.app; sourceTree = BUILT_PRODUCTS_DIR; };
		555405F42C42740E000C6E9B /* Server_Driven_UIApp.swift */ = {isa = PBXFileReference; lastKnownFileType = sourcecode.swift; path = Server_Driven_UIApp.swift; sourceTree = "<group>"; };
		555405F62C42740E000C6E9B /* ContentView.swift */ = {isa = PBXFileReference; lastKnownFileType = sourcecode.swift; path = ContentView.swift; sourceTree = "<group>"; };
		555405F82C427410000C6E9B /* Assets.xcassets */ = {isa = PBXFileReference; lastKnownFileType = folder.assetcatalog; path = Assets.xcassets; sourceTree = "<group>"; };
		555405FB2C427410000C6E9B /* Preview Assets.xcassets */ = {isa = PBXFileReference; lastKnownFileType = folder.assetcatalog; path = "Preview Assets.xcassets"; sourceTree = "<group>"; };
		555406032C427441000C6E9B /* Constants.swift */ = {isa = PBXFileReference; lastKnownFileType = sourcecode.swift; path = Constants.swift; sourceTree = "<group>"; };
		555406052C427479000C6E9B /* NAMESPACING.swift */ = {isa = PBXFileReference; lastKnownFileType = sourcecode.swift; path = NAMESPACING.swift; sourceTree = "<group>"; };
		555406092C4274FF000C6E9B /* Urls.swift */ = {isa = PBXFileReference; lastKnownFileType = sourcecode.swift; path = Urls.swift; sourceTree = "<group>"; };
		5554060C2C427584000C6E9B /* WebService.swift */ = {isa = PBXFileReference; lastKnownFileType = sourcecode.swift; path = WebService.swift; sourceTree = "<group>"; };
		5554060E2C4275E6000C6E9B /* NetworkError.swift */ = {isa = PBXFileReference; lastKnownFileType = sourcecode.swift; path = NetworkError.swift; sourceTree = "<group>"; };
		555406132C4278A0000C6E9B /* UIModels.ScreenModel.swift */ = {isa = PBXFileReference; lastKnownFileType = sourcecode.swift; path = UIModels.ScreenModel.swift; sourceTree = "<group>"; };
		555406162C4279CA000C6E9B /* ComponentsType.swift */ = {isa = PBXFileReference; lastKnownFileType = sourcecode.swift; path = ComponentsType.swift; sourceTree = "<group>"; };
		555406192C428193000C6E9B /* FeaturedImageComponent.swift */ = {isa = PBXFileReference; lastKnownFileType = sourcecode.swift; path = FeaturedImageComponent.swift; sourceTree = "<group>"; };
		5554061C2C4281B8000C6E9B /* UIComponent.swift */ = {isa = PBXFileReference; lastKnownFileType = sourcecode.swift; path = UIComponent.swift; sourceTree = "<group>"; };
		555406202C428267000C6E9B /* View+ToAnyView.swift */ = {isa = PBXFileReference; lastKnownFileType = sourcecode.swift; path = "View+ToAnyView.swift"; sourceTree = "<group>"; };
		555406232C42875A000C6E9B /* FeaturedImageComponent.Model.swift */ = {isa = PBXFileReference; lastKnownFileType = sourcecode.swift; path = FeaturedImageComponent.Model.swift; sourceTree = "<group>"; };
		555406262C42881F000C6E9B /* Dictionary+Decode.swift */ = {isa = PBXFileReference; lastKnownFileType = sourcecode.swift; path = "Dictionary+Decode.swift"; sourceTree = "<group>"; };
		555406282C428A12000C6E9B /* ComponentsError.swift */ = {isa = PBXFileReference; lastKnownFileType = sourcecode.swift; path = ComponentsError.swift; sourceTree = "<group>"; };
		5554062A2C428AB3000C6E9B /* UIModels.ScreenModel.buildComponents.swift */ = {isa = PBXFileReference; lastKnownFileType = sourcecode.swift; path = UIModels.ScreenModel.buildComponents.swift; sourceTree = "<group>"; };
		555406312C428B9C000C6E9B /* MyApp.Modules.HomePage.swift */ = {isa = PBXFileReference; lastKnownFileType = sourcecode.swift; path = MyApp.Modules.HomePage.swift; sourceTree = "<group>"; };
		555406332C428BEA000C6E9B /* MyApp.Modules.HomePage.ViewModel.swift */ = {isa = PBXFileReference; lastKnownFileType = sourcecode.swift; path = MyApp.Modules.HomePage.ViewModel.swift; sourceTree = "<group>"; };
		559D8BA12C43B05F00A94B31 /* NetworkService.swift */ = {isa = PBXFileReference; lastKnownFileType = sourcecode.swift; path = NetworkService.swift; sourceTree = "<group>"; };
		559D8BA42C43C20B00A94B31 /* JSON.swift */ = {isa = PBXFileReference; lastKnownFileType = sourcecode.swift; path = JSON.swift; sourceTree = "<group>"; };
		559D8BAA2C43CDC200A94B31 /* Components.Carousel.Model.swift */ = {isa = PBXFileReference; lastKnownFileType = sourcecode.swift; path = Components.Carousel.Model.swift; sourceTree = "<group>"; };
		559D8BAD2C43CEAF00A94B31 /* CarouselView.swift */ = {isa = PBXFileReference; lastKnownFileType = sourcecode.swift; path = CarouselView.swift; sourceTree = "<group>"; };
		559D8BAF2C43D12700A94B31 /* Carousel.swift */ = {isa = PBXFileReference; lastKnownFileType = sourcecode.swift; path = Carousel.swift; sourceTree = "<group>"; };
/* End PBXFileReference section */

/* Begin PBXFrameworksBuildPhase section */
		555405EE2C42740E000C6E9B /* Frameworks */ = {
			isa = PBXFrameworksBuildPhase;
			buildActionMask = 2147483647;
			files = (
			);
			runOnlyForDeploymentPostprocessing = 0;
		};
/* End PBXFrameworksBuildPhase section */

/* Begin PBXGroup section */
		555405E82C42740E000C6E9B = {
			isa = PBXGroup;
			children = (
				555405F32C42740E000C6E9B /* Server_Driven_UI */,
				555405F22C42740E000C6E9B /* Products */,
			);
			sourceTree = "<group>";
		};
		555405F22C42740E000C6E9B /* Products */ = {
			isa = PBXGroup;
			children = (
				555405F12C42740E000C6E9B /* Server_Driven_UI.app */,
			);
			name = Products;
			sourceTree = "<group>";
		};
		555405F32C42740E000C6E9B /* Server_Driven_UI */ = {
			isa = PBXGroup;
			children = (
				559D8BA32C43C1F700A94B31 /* Help */,
				5554062C2C428ADB000C6E9B /* Modules */,
				5554061E2C428242000C6E9B /* Extensions */,
				555406152C4279BF000C6E9B /* Components */,
				555406112C42785C000C6E9B /* UIModels */,
				555406022C427429000C6E9B /* Utils */,
				555406072C4274B8000C6E9B /* Services */,
				555405F42C42740E000C6E9B /* Server_Driven_UIApp.swift */,
				555405F62C42740E000C6E9B /* ContentView.swift */,
				555405F82C427410000C6E9B /* Assets.xcassets */,
				555405FA2C427410000C6E9B /* Preview Content */,
				555406052C427479000C6E9B /* NAMESPACING.swift */,
			);
			path = Server_Driven_UI;
			sourceTree = "<group>";
		};
		555405FA2C427410000C6E9B /* Preview Content */ = {
			isa = PBXGroup;
			children = (
				555405FB2C427410000C6E9B /* Preview Assets.xcassets */,
			);
			path = "Preview Content";
			sourceTree = "<group>";
		};
		555406022C427429000C6E9B /* Utils */ = {
			isa = PBXGroup;
			children = (
				555406082C4274CD000C6E9B /* Constants */,
				555406032C427441000C6E9B /* Constants.swift */,
			);
			path = Utils;
			sourceTree = "<group>";
		};
		555406072C4274B8000C6E9B /* Services */ = {
			isa = PBXGroup;
			children = (
				5554060C2C427584000C6E9B /* WebService.swift */,
				5554060E2C4275E6000C6E9B /* NetworkError.swift */,
				559D8BA12C43B05F00A94B31 /* NetworkService.swift */,
			);
			path = Services;
			sourceTree = "<group>";
		};
		555406082C4274CD000C6E9B /* Constants */ = {
			isa = PBXGroup;
			children = (
				555406092C4274FF000C6E9B /* Urls.swift */,
			);
			path = Constants;
			sourceTree = "<group>";
		};
		555406112C42785C000C6E9B /* UIModels */ = {
			isa = PBXGroup;
			children = (
				555406122C427885000C6E9B /* ScreenModel */,
				559D8BA42C43C20B00A94B31 /* JSON.swift */,
			);
			path = UIModels;
			sourceTree = "<group>";
		};
		555406122C427885000C6E9B /* ScreenModel */ = {
			isa = PBXGroup;
			children = (
				555406132C4278A0000C6E9B /* UIModels.ScreenModel.swift */,
				5554062A2C428AB3000C6E9B /* UIModels.ScreenModel.buildComponents.swift */,
			);
			path = ScreenModel;
			sourceTree = "<group>";
		};
		555406152C4279BF000C6E9B /* Components */ = {
			isa = PBXGroup;
			children = (
				559D8BA62C43CC9A00A94B31 /* Carousel */,
				555406182C428170000C6E9B /* FeaturedImageComponent */,
				555406162C4279CA000C6E9B /* ComponentsType.swift */,
				5554061C2C4281B8000C6E9B /* UIComponent.swift */,
				555406282C428A12000C6E9B /* ComponentsError.swift */,
			);
			path = Components;
			sourceTree = "<group>";
		};
		555406182C428170000C6E9B /* FeaturedImageComponent */ = {
			isa = PBXGroup;
			children = (
				555406222C428742000C6E9B /* Model */,
				555406192C428193000C6E9B /* FeaturedImageComponent.swift */,
			);
			path = FeaturedImageComponent;
			sourceTree = "<group>";
		};
		5554061E2C428242000C6E9B /* Extensions */ = {
			isa = PBXGroup;
			children = (
				555406252C4287FB000C6E9B /* Dictionary+Extensions */,
				5554061F2C428254000C6E9B /* View+Extensions */,
			);
			path = Extensions;
			sourceTree = "<group>";
		};
		5554061F2C428254000C6E9B /* View+Extensions */ = {
			isa = PBXGroup;
			children = (
				555406202C428267000C6E9B /* View+ToAnyView.swift */,
			);
			path = "View+Extensions";
			sourceTree = "<group>";
		};
		555406222C428742000C6E9B /* Model */ = {
			isa = PBXGroup;
			children = (
				555406232C42875A000C6E9B /* FeaturedImageComponent.Model.swift */,
			);
			path = Model;
			sourceTree = "<group>";
		};
		555406252C4287FB000C6E9B /* Dictionary+Extensions */ = {
			isa = PBXGroup;
			children = (
				555406262C42881F000C6E9B /* Dictionary+Decode.swift */,
			);
			path = "Dictionary+Extensions";
			sourceTree = "<group>";
		};
		5554062C2C428ADB000C6E9B /* Modules */ = {
			isa = PBXGroup;
			children = (
				5554062D2C428AF7000C6E9B /* HomePage */,
			);
			path = Modules;
			sourceTree = "<group>";
		};
		5554062D2C428AF7000C6E9B /* HomePage */ = {
			isa = PBXGroup;
			children = (
				5554062E2C428B45000C6E9B /* ViewModel */,
				555406312C428B9C000C6E9B /* MyApp.Modules.HomePage.swift */,
			);
			path = HomePage;
			sourceTree = "<group>";
		};
		5554062E2C428B45000C6E9B /* ViewModel */ = {
			isa = PBXGroup;
			children = (
				555406332C428BEA000C6E9B /* MyApp.Modules.HomePage.ViewModel.swift */,
			);
			path = ViewModel;
			sourceTree = "<group>";
		};
		559D8BA32C43C1F700A94B31 /* Help */ = {
			isa = PBXGroup;
			children = (
			);
			path = Help;
			sourceTree = "<group>";
		};
		559D8BA62C43CC9A00A94B31 /* Carousel */ = {
			isa = PBXGroup;
			children = (
				559D8BAC2C43CDEC00A94B31 /* View */,
				559D8BA92C43CDB400A94B31 /* Model */,
				559D8BAF2C43D12700A94B31 /* Carousel.swift */,
			);
			path = Carousel;
			sourceTree = "<group>";
		};
		559D8BA92C43CDB400A94B31 /* Model */ = {
			isa = PBXGroup;
			children = (
				559D8BAA2C43CDC200A94B31 /* Components.Carousel.Model.swift */,
			);
			path = Model;
			sourceTree = "<group>";
		};
		559D8BAC2C43CDEC00A94B31 /* View */ = {
			isa = PBXGroup;
			children = (
				559D8BAD2C43CEAF00A94B31 /* CarouselView.swift */,
			);
			path = View;
			sourceTree = "<group>";
		};
/* End PBXGroup section */

/* Begin PBXNativeTarget section */
		555405F02C42740E000C6E9B /* Server_Driven_UI */ = {
			isa = PBXNativeTarget;
			buildConfigurationList = 555405FF2C427410000C6E9B /* Build configuration list for PBXNativeTarget "Server_Driven_UI" */;
			buildPhases = (
				555405ED2C42740E000C6E9B /* Sources */,
				555405EE2C42740E000C6E9B /* Frameworks */,
				555405EF2C42740E000C6E9B /* Resources */,
			);
			buildRules = (
			);
			dependencies = (
			);
			name = Server_Driven_UI;
			productName = Server_Driven_UI;
			productReference = 555405F12C42740E000C6E9B /* Server_Driven_UI.app */;
			productType = "com.apple.product-type.application";
		};
/* End PBXNativeTarget section */

/* Begin PBXProject section */
		555405E92C42740E000C6E9B /* Project object */ = {
			isa = PBXProject;
			attributes = {
				BuildIndependentTargetsInParallel = 1;
				LastSwiftUpdateCheck = 1510;
				LastUpgradeCheck = 1510;
				TargetAttributes = {
					555405F02C42740E000C6E9B = {
						CreatedOnToolsVersion = 15.1;
					};
				};
			};
			buildConfigurationList = 555405EC2C42740E000C6E9B /* Build configuration list for PBXProject "Server_Driven_UI" */;
			compatibilityVersion = "Xcode 14.0";
			developmentRegion = en;
			hasScannedForEncodings = 0;
			knownRegions = (
				en,
				Base,
			);
			mainGroup = 555405E82C42740E000C6E9B;
			productRefGroup = 555405F22C42740E000C6E9B /* Products */;
			projectDirPath = "";
			projectRoot = "";
			targets = (
				555405F02C42740E000C6E9B /* Server_Driven_UI */,
			);
		};
/* End PBXProject section */

/* Begin PBXResourcesBuildPhase section */
		555405EF2C42740E000C6E9B /* Resources */ = {
			isa = PBXResourcesBuildPhase;
			buildActionMask = 2147483647;
			files = (
				555405FC2C427410000C6E9B /* Preview Assets.xcassets in Resources */,
				555405F92C427410000C6E9B /* Assets.xcassets in Resources */,
			);
			runOnlyForDeploymentPostprocessing = 0;
		};
/* End PBXResourcesBuildPhase section */

/* Begin PBXSourcesBuildPhase section */
		555405ED2C42740E000C6E9B /* Sources */ = {
			isa = PBXSourcesBuildPhase;
			buildActionMask = 2147483647;
			files = (
				5554060D2C427584000C6E9B /* WebService.swift in Sources */,
				555406292C428A12000C6E9B /* ComponentsError.swift in Sources */,
				5554060F2C4275E6000C6E9B /* NetworkError.swift in Sources */,
				555405F72C42740E000C6E9B /* ContentView.swift in Sources */,
				5554061A2C428193000C6E9B /* FeaturedImageComponent.swift in Sources */,
				555405F52C42740E000C6E9B /* Server_Driven_UIApp.swift in Sources */,
				555406062C427479000C6E9B /* NAMESPACING.swift in Sources */,
				555406342C428BEA000C6E9B /* MyApp.Modules.HomePage.ViewModel.swift in Sources */,
				555406242C42875A000C6E9B /* FeaturedImageComponent.Model.swift in Sources */,
				555406042C427441000C6E9B /* Constants.swift in Sources */,
				555406142C4278A0000C6E9B /* UIModels.ScreenModel.swift in Sources */,
				559D8BAB2C43CDC200A94B31 /* Components.Carousel.Model.swift in Sources */,
				559D8BA52C43C20B00A94B31 /* JSON.swift in Sources */,
				5554062B2C428AB3000C6E9B /* UIModels.ScreenModel.buildComponents.swift in Sources */,
				5554060A2C4274FF000C6E9B /* Urls.swift in Sources */,
				559D8BB02C43D12700A94B31 /* Carousel.swift in Sources */,
				5554061D2C4281B8000C6E9B /* UIComponent.swift in Sources */,
				555406172C4279CA000C6E9B /* ComponentsType.swift in Sources */,
				559D8BA22C43B05F00A94B31 /* NetworkService.swift in Sources */,
				555406212C428267000C6E9B /* View+ToAnyView.swift in Sources */,
				555406322C428B9C000C6E9B /* MyApp.Modules.HomePage.swift in Sources */,
				555406272C42881F000C6E9B /* Dictionary+Decode.swift in Sources */,
				559D8BAE2C43CEAF00A94B31 /* CarouselView.swift in Sources */,
			);
			runOnlyForDeploymentPostprocessing = 0;
		};
/* End PBXSourcesBuildPhase section */

/* Begin XCBuildConfiguration section */
		555405FD2C427410000C6E9B /* Debug */ = {
			isa = XCBuildConfiguration;
			buildSettings = {
				ALWAYS_SEARCH_USER_PATHS = NO;
				ASSETCATALOG_COMPILER_GENERATE_SWIFT_ASSET_SYMBOL_EXTENSIONS = YES;
				CLANG_ANALYZER_NONNULL = YES;
				CLANG_ANALYZER_NUMBER_OBJECT_CONVERSION = YES_AGGRESSIVE;
				CLANG_CXX_LANGUAGE_STANDARD = "gnu++20";
				CLANG_ENABLE_MODULES = YES;
				CLANG_ENABLE_OBJC_ARC = YES;
				CLANG_ENABLE_OBJC_WEAK = YES;
				CLANG_WARN_BLOCK_CAPTURE_AUTORELEASING = YES;
				CLANG_WARN_BOOL_CONVERSION = YES;
				CLANG_WARN_COMMA = YES;
				CLANG_WARN_CONSTANT_CONVERSION = YES;
				CLANG_WARN_DEPRECATED_OBJC_IMPLEMENTATIONS = YES;
				CLANG_WARN_DIRECT_OBJC_ISA_USAGE = YES_ERROR;
				CLANG_WARN_DOCUMENTATION_COMMENTS = YES;
				CLANG_WARN_EMPTY_BODY = YES;
				CLANG_WARN_ENUM_CONVERSION = YES;
				CLANG_WARN_INFINITE_RECURSION = YES;
				CLANG_WARN_INT_CONVERSION = YES;
				CLANG_WARN_NON_LITERAL_NULL_CONVERSION = YES;
				CLANG_WARN_OBJC_IMPLICIT_RETAIN_SELF = YES;
				CLANG_WARN_OBJC_LITERAL_CONVERSION = YES;
				CLANG_WARN_OBJC_ROOT_CLASS = YES_ERROR;
				CLANG_WARN_QUOTED_INCLUDE_IN_FRAMEWORK_HEADER = YES;
				CLANG_WARN_RANGE_LOOP_ANALYSIS = YES;
				CLANG_WARN_STRICT_PROTOTYPES = YES;
				CLANG_WARN_SUSPICIOUS_MOVE = YES;
				CLANG_WARN_UNGUARDED_AVAILABILITY = YES_AGGRESSIVE;
				CLANG_WARN_UNREACHABLE_CODE = YES;
				CLANG_WARN__DUPLICATE_METHOD_MATCH = YES;
				COPY_PHASE_STRIP = NO;
				DEBUG_INFORMATION_FORMAT = dwarf;
				ENABLE_STRICT_OBJC_MSGSEND = YES;
				ENABLE_TESTABILITY = YES;
				ENABLE_USER_SCRIPT_SANDBOXING = YES;
				GCC_C_LANGUAGE_STANDARD = gnu17;
				GCC_DYNAMIC_NO_PIC = NO;
				GCC_NO_COMMON_BLOCKS = YES;
				GCC_OPTIMIZATION_LEVEL = 0;
				GCC_PREPROCESSOR_DEFINITIONS = (
					"DEBUG=1",
					"$(inherited)",
				);
				GCC_WARN_64_TO_32_BIT_CONVERSION = YES;
				GCC_WARN_ABOUT_RETURN_TYPE = YES_ERROR;
				GCC_WARN_UNDECLARED_SELECTOR = YES;
				GCC_WARN_UNINITIALIZED_AUTOS = YES_AGGRESSIVE;
				GCC_WARN_UNUSED_FUNCTION = YES;
				GCC_WARN_UNUSED_VARIABLE = YES;
				IPHONEOS_DEPLOYMENT_TARGET = 17.2;
				LOCALIZATION_PREFERS_STRING_CATALOGS = YES;
				MTL_ENABLE_DEBUG_INFO = INCLUDE_SOURCE;
				MTL_FAST_MATH = YES;
				ONLY_ACTIVE_ARCH = YES;
				SDKROOT = iphoneos;
				SWIFT_ACTIVE_COMPILATION_CONDITIONS = "DEBUG $(inherited)";
				SWIFT_OPTIMIZATION_LEVEL = "-Onone";
			};
			name = Debug;
		};
		555405FE2C427410000C6E9B /* Release */ = {
			isa = XCBuildConfiguration;
			buildSettings = {
				ALWAYS_SEARCH_USER_PATHS = NO;
				ASSETCATALOG_COMPILER_GENERATE_SWIFT_ASSET_SYMBOL_EXTENSIONS = YES;
				CLANG_ANALYZER_NONNULL = YES;
				CLANG_ANALYZER_NUMBER_OBJECT_CONVERSION = YES_AGGRESSIVE;
				CLANG_CXX_LANGUAGE_STANDARD = "gnu++20";
				CLANG_ENABLE_MODULES = YES;
				CLANG_ENABLE_OBJC_ARC = YES;
				CLANG_ENABLE_OBJC_WEAK = YES;
				CLANG_WARN_BLOCK_CAPTURE_AUTORELEASING = YES;
				CLANG_WARN_BOOL_CONVERSION = YES;
				CLANG_WARN_COMMA = YES;
				CLANG_WARN_CONSTANT_CONVERSION = YES;
				CLANG_WARN_DEPRECATED_OBJC_IMPLEMENTATIONS = YES;
				CLANG_WARN_DIRECT_OBJC_ISA_USAGE = YES_ERROR;
				CLANG_WARN_DOCUMENTATION_COMMENTS = YES;
				CLANG_WARN_EMPTY_BODY = YES;
				CLANG_WARN_ENUM_CONVERSION = YES;
				CLANG_WARN_INFINITE_RECURSION = YES;
				CLANG_WARN_INT_CONVERSION = YES;
				CLANG_WARN_NON_LITERAL_NULL_CONVERSION = YES;
				CLANG_WARN_OBJC_IMPLICIT_RETAIN_SELF = YES;
				CLANG_WARN_OBJC_LITERAL_CONVERSION = YES;
				CLANG_WARN_OBJC_ROOT_CLASS = YES_ERROR;
				CLANG_WARN_QUOTED_INCLUDE_IN_FRAMEWORK_HEADER = YES;
				CLANG_WARN_RANGE_LOOP_ANALYSIS = YES;
				CLANG_WARN_STRICT_PROTOTYPES = YES;
				CLANG_WARN_SUSPICIOUS_MOVE = YES;
				CLANG_WARN_UNGUARDED_AVAILABILITY = YES_AGGRESSIVE;
				CLANG_WARN_UNREACHABLE_CODE = YES;
				CLANG_WARN__DUPLICATE_METHOD_MATCH = YES;
				COPY_PHASE_STRIP = NO;
				DEBUG_INFORMATION_FORMAT = "dwarf-with-dsym";
				ENABLE_NS_ASSERTIONS = NO;
				ENABLE_STRICT_OBJC_MSGSEND = YES;
				ENABLE_USER_SCRIPT_SANDBOXING = YES;
				GCC_C_LANGUAGE_STANDARD = gnu17;
				GCC_NO_COMMON_BLOCKS = YES;
				GCC_WARN_64_TO_32_BIT_CONVERSION = YES;
				GCC_WARN_ABOUT_RETURN_TYPE = YES_ERROR;
				GCC_WARN_UNDECLARED_SELECTOR = YES;
				GCC_WARN_UNINITIALIZED_AUTOS = YES_AGGRESSIVE;
				GCC_WARN_UNUSED_FUNCTION = YES;
				GCC_WARN_UNUSED_VARIABLE = YES;
				IPHONEOS_DEPLOYMENT_TARGET = 17.2;
				LOCALIZATION_PREFERS_STRING_CATALOGS = YES;
				MTL_ENABLE_DEBUG_INFO = NO;
				MTL_FAST_MATH = YES;
				SDKROOT = iphoneos;
				SWIFT_COMPILATION_MODE = wholemodule;
				VALIDATE_PRODUCT = YES;
			};
			name = Release;
		};
		555406002C427410000C6E9B /* Debug */ = {
			isa = XCBuildConfiguration;
			buildSettings = {
				ASSETCATALOG_COMPILER_APPICON_NAME = AppIcon;
				ASSETCATALOG_COMPILER_GLOBAL_ACCENT_COLOR_NAME = AccentColor;
				CODE_SIGN_STYLE = Automatic;
				CURRENT_PROJECT_VERSION = 1;
				DEVELOPMENT_ASSET_PATHS = "\"Server_Driven_UI/Preview Content\"";
				DEVELOPMENT_TEAM = 4CA35U7375;
				ENABLE_PREVIEWS = YES;
				GENERATE_INFOPLIST_FILE = YES;
				INFOPLIST_KEY_UIApplicationSceneManifest_Generation = YES;
				INFOPLIST_KEY_UIApplicationSupportsIndirectInputEvents = YES;
				INFOPLIST_KEY_UILaunchScreen_Generation = YES;
				INFOPLIST_KEY_UISupportedInterfaceOrientations_iPad = "UIInterfaceOrientationPortrait UIInterfaceOrientationPortraitUpsideDown UIInterfaceOrientationLandscapeLeft UIInterfaceOrientationLandscapeRight";
				INFOPLIST_KEY_UISupportedInterfaceOrientations_iPhone = "UIInterfaceOrientationPortrait UIInterfaceOrientationLandscapeLeft UIInterfaceOrientationLandscapeRight";
				LD_RUNPATH_SEARCH_PATHS = (
					"$(inherited)",
					"@executable_path/Frameworks",
				);
				MARKETING_VERSION = 1.0;
				PRODUCT_BUNDLE_IDENTIFIER = "akbari.mohammad.Server-Driven-UI";
				PRODUCT_NAME = "$(TARGET_NAME)";
				SWIFT_EMIT_LOC_STRINGS = YES;
				SWIFT_VERSION = 5.0;
				TARGETED_DEVICE_FAMILY = "1,2";
			};
			name = Debug;
		};
		555406012C427410000C6E9B /* Release */ = {
			isa = XCBuildConfiguration;
			buildSettings = {
				ASSETCATALOG_COMPILER_APPICON_NAME = AppIcon;
				ASSETCATALOG_COMPILER_GLOBAL_ACCENT_COLOR_NAME = AccentColor;
				CODE_SIGN_STYLE = Automatic;
				CURRENT_PROJECT_VERSION = 1;
				DEVELOPMENT_ASSET_PATHS = "\"Server_Driven_UI/Preview Content\"";
				DEVELOPMENT_TEAM = 4CA35U7375;
				ENABLE_PREVIEWS = YES;
				GENERATE_INFOPLIST_FILE = YES;
				INFOPLIST_KEY_UIApplicationSceneManifest_Generation = YES;
				INFOPLIST_KEY_UIApplicationSupportsIndirectInputEvents = YES;
				INFOPLIST_KEY_UILaunchScreen_Generation = YES;
				INFOPLIST_KEY_UISupportedInterfaceOrientations_iPad = "UIInterfaceOrientationPortrait UIInterfaceOrientationPortraitUpsideDown UIInterfaceOrientationLandscapeLeft UIInterfaceOrientationLandscapeRight";
				INFOPLIST_KEY_UISupportedInterfaceOrientations_iPhone = "UIInterfaceOrientationPortrait UIInterfaceOrientationLandscapeLeft UIInterfaceOrientationLandscapeRight";
				LD_RUNPATH_SEARCH_PATHS = (
					"$(inherited)",
					"@executable_path/Frameworks",
				);
				MARKETING_VERSION = 1.0;
				PRODUCT_BUNDLE_IDENTIFIER = "akbari.mohammad.Server-Driven-UI";
				PRODUCT_NAME = "$(TARGET_NAME)";
				SWIFT_EMIT_LOC_STRINGS = YES;
				SWIFT_VERSION = 5.0;
				TARGETED_DEVICE_FAMILY = "1,2";
			};
			name = Release;
		};
/* End XCBuildConfiguration section */

/* Begin XCConfigurationList section */
		555405EC2C42740E000C6E9B /* Build configuration list for PBXProject "Server_Driven_UI" */ = {
			isa = XCConfigurationList;
			buildConfigurations = (
				555405FD2C427410000C6E9B /* Debug */,
				555405FE2C427410000C6E9B /* Release */,
			);
			defaultConfigurationIsVisible = 0;
			defaultConfigurationName = Release;
		};
		555405FF2C427410000C6E9B /* Build configuration list for PBXNativeTarget "Server_Driven_UI" */ = {
			isa = XCConfigurationList;
			buildConfigurations = (
				555406002C427410000C6E9B /* Debug */,
				555406012C427410000C6E9B /* Release */,
			);
			defaultConfigurationIsVisible = 0;
			defaultConfigurationName = Release;
		};
/* End XCConfigurationList section */
	};
	rootObject = 555405E92C42740E000C6E9B /* Project object */;
}
